
Microsoft Visual Studio Solution File, Format Version 12.00
Project("{FAE04EC0-301F-11D3-BF4B-00C04F79EFBC}") = "MeasureConverter", "MeasureConverter\MeasureConverter.csproj", "{39B65DDB-71AB-4327-B777-DED926C30179}"
EndProject
Project("{FAE04EC0-301F-11D3-BF4B-00C04F79EFBC}") = "MeasureConverter.UnitTests", "MeasureConverter.UnitTests\MeasureConverter.UnitTests.csproj", "{5B2532B0-EA43-4AF0-A37A-EC08CB6F576D}"
EndProject
Global
	GlobalSection(SolutionConfigurationPlatforms) = preSolution
		Debug|Any CPU = Debug|Any CPU
		Release|Any CPU = Release|Any CPU
	EndGlobalSection
	GlobalSection(ProjectConfigurationPlatforms) = postSolution
		{39B65DDB-71AB-4327-B777-DED926C30179}.Debug|Any CPU.ActiveCfg = Debug|Any CPU
		{39B65DDB-71AB-4327-B777-DED926C30179}.Debug|Any CPU.Build.0 = Debug|Any CPU
		{39B65DDB-71AB-4327-B777-DED926C30179}.Release|Any CPU.ActiveCfg = Release|Any CPU
		{39B65DDB-71AB-4327-B777-DED926C30179}.Release|Any CPU.Build.0 = Release|Any CPU
		{5B2532B0-EA43-4AF0-A37A-EC08CB6F576D}.Debug|Any CPU.ActiveCfg = Debug|Any CPU
		{5B2532B0-EA43-4AF0-A37A-EC08CB6F576D}.Debug|Any CPU.Build.0 = Debug|Any CPU
		{5B2532B0-EA43-4AF0-A37A-EC08CB6F576D}.Release|Any CPU.ActiveCfg = Release|Any CPU
		{5B2532B0-EA43-4AF0-A37A-EC08CB6F576D}.Release|Any CPU.Build.0 = Release|Any CPU
	EndGlobalSection
EndGlobal
